
Microsoft Visual Studio Solution File, Format Version 12.00
# Visual Studio Version 16
VisualStudioVersion = 16.0.810.14
MinimumVisualStudioVersion = 10.0.40219.1
Project("{FAE04EC0-301F-11D3-BF4B-00C04F79EFBC}") = "ExperimentWithControlsBlazor", "ExperimentWithControlsBlazor\ExperimentWithControlsBlazor.csproj", "{75664B63-8262-4432-B6B9-737D3B98BD77}"
EndProject
Global
	GlobalSection(SolutionConfigurationPlatforms) = preSolution
		Debug|Any CPU = Debug|Any CPU
		Release|Any CPU = Release|Any CPU
	EndGlobalSection
	GlobalSection(ProjectConfigurationPlatforms) = postSolution
		{75664B63-8262-4432-B6B9-737D3B98BD77}.Debug|Any CPU.ActiveCfg = Debug|Any CPU
		{75664B63-8262-4432-B6B9-737D3B98BD77}.Debug|Any CPU.Build.0 = Debug|Any CPU
		{75664B63-8262-4432-B6B9-737D3B98BD77}.Release|Any CPU.ActiveCfg = Release|Any CPU
		{75664B63-8262-4432-B6B9-737D3B98BD77}.Release|Any CPU.Build.0 = Release|Any CPU
	EndGlobalSection
	GlobalSection(SolutionProperties) = preSolution
		HideSolutionNode = FALSE
	EndGlobalSection
	GlobalSection(ExtensibilityGlobals) = postSolution
		SolutionGuid = {6634C29E-B735-40B5-8011-73C498E10279}
	EndGlobalSection
EndGlobal
